lockfileVersion: '9.0'

settings:
  autoInstallPeers: true
  excludeLinksFromLockfile: false

importers:

  .:
    dependencies:
      '@huggingface/inference':
        specifier: ^4.13.15
        version: 4.13.15
      dotenv:
        specifier: ^17.4.1
        version: 17.4.1
      js-yaml:
        specifier: ^4.1.1
        version: 4.1.1
      playwright:
        specifier: ^1.58.1
        version: 1.59.1
      postgres:
        specifier: ^3.4.9
        version: 3.4.9
      yaml:
        specifier: ^2.8.3
        version: 2.8.3

packages:

  '@huggingface/inference@4.13.15':
    resolution: {integrity: sha512-V7B13KFDVhYkQqgx8vpMcmtEG+PoePlh65IUvpphTTItHAq6zRLcsS4torh1QavUaT+6nEwho4wFXzBQNGBwKQ==}
    engines: {node: '>=18'}

  '@huggingface/jinja@0.5.6':
    resolution: {integrity: sha512-MyMWyLnjqo+KRJYSH7oWNbsOn5onuIvfXYPcc0WOGxU0eHUV7oAYUoQTl2BMdu7ml+ea/bu11UM+EshbeHwtIA==}
    engines: {node: '>=18'}

  '@huggingface/tasks@0.19.90':
    resolution: {integrity: sha512-nfV9luJbvwGQ/5oKXkKhCV9h4X7mwh1YaGG3ORd6UMLDSwr1OFSSatcBX0O9OtBtmNK19aGSjbLFqqgcIR6+IA==}

  argparse@2.0.1:
    resolution: {integrity: sha512-8+9WqebbFzpX9OR+Wa6O29asIogeRMzcGtAINdpMHHyAg10f05aSFVBbcEqGf/PXw1EjAZ+q2/bEBg3DvurK3Q==}

  dotenv@17.4.1:
    resolution: {integrity: sha512-k8DaKGP6r1G30Lx8V4+pCsLzKr8vLmV2paqEj1Y55GdAgJuIqpRp5FfajGF8KtwMxCz9qJc6wUIJnm053d/WCw==}
    engines: {node: '>=12'}

  fsevents@2.3.2:
    resolution: {integrity: sha512-xiqMQR4xAeHTuB9uWm+fFRcIOgKBMiOBP+eXiyT7jsgVCq1bkVygt00oASowB7EdtpOHaaPgKt812P9ab+DDKA==}
    engines: {node: ^8.16.0 || ^10.6.0 || >=11.0.0}
    os: [darwin]

  js-yaml@4.1.1:
    resolution: {integrity: sha512-qQKT4zQxXl8lLwBtHMWwaTcGfFOZviOJet3Oy/xmGk2gZH677CJM9EvtfdSkgWcATZhj/55JZ0rmy3myCT5lsA==}
    hasBin: true

  playwright-core@1.59.1:
    resolution: {integrity: sha512-HBV/RJg81z5BiiZ9yPzIiClYV/QMsDCKUyogwH9p3MCP6IYjUFu/MActgYAvK0oWyV9NlwM3GLBjADyWgydVyg==}
    engines: {node: '>=18'}
    hasBin: true

  playwright@1.59.1:
    resolution: {integrity: sha512-C8oWjPR3F81yljW9o5OxcWzfh6avkVwDD2VYdwIGqTkl+OGFISgypqzfu7dOe4QNLL2aqcWBmI3PMtLIK233lw==}
    engines: {node: '>=18'}
    hasBin: true

  postgres@3.4.9:
    resolution: {integrity: sha512-GD3qdB0x1z9xgFI6cdRD6xu2Sp2WCOEoe3mtnyB5Ee0XrrL5Pe+e4CCnJrRMnL1zYtRDZmQQVbvOttLnKDLnaw==}
    engines: {node: '>=12'}

  yaml@2.8.3:
    resolution: {integrity: sha512-AvbaCLOO2Otw/lW5bmh9d/WEdcDFdQp2Z2ZUH3pX9U2ihyUY0nvLv7J6TrWowklRGPYbB/IuIMfYgxaCPg5Bpg==}
    engines: {node: '>= 14.6'}
    hasBin: true

snapshots:

  '@huggingface/inference@4.13.15':
    dependencies:
      '@huggingface/jinja': 0.5.6
      '@huggingface/tasks': 0.19.90

  '@huggingface/jinja@0.5.6': {}

  '@huggingface/tasks@0.19.90': {}

  argparse@2.0.1: {}

  dotenv@17.4.1: {}

  fsevents@2.3.2:
    optional: true

  js-yaml@4.1.1:
    dependencies:
      argparse: 2.0.1

  playwright-core@1.59.1: {}

  playwright@1.59.1:
    dependencies:
      playwright-core: 1.59.1
    optionalDependencies:
      fsevents: 2.3.2

  postgres@3.4.9: {}

  yaml@2.8.3: {}
